# This file is automatically @generated by Cargo.
# It is not intended for manual editing.
version = 4

[[package]]
name = "kedge-cli"
version = "0.1.0"

[[package]]
name = "kedge-contracts"
version = "0.1.0"

[[package]]
name = "kedge-harness"
version = "0.1.0"

[[package]]
name = "kedge-spec"
version = "0.1.0"

[[package]]
name = "kedge-synth"
version = "0.1.0"

[[package]]
name = "kedge-test"
version = "0.1.0"
